
Microsoft Visual Studio Solution File, Format Version 12.00
# Visual Studio Version 17
VisualStudioVersion = 17.1.32421.90
MinimumVisualStudioVersion = 10.0.40219.1
Project("{FAE04EC0-301F-11D3-BF4B-00C04F79EFBC}") = "MyGame", "MyGame\MyGame.csproj", "{A15FA119-9B27-497F-AEB7-86812FACAD0E}"
EndProject
Project("{FAE04EC0-301F-11D3-BF4B-00C04F79EFBC}") = "Server", "Server\Server.csproj", "{C9E95D70-E19D-44AB-BAAA-12327BF9B588}"
EndProject
Project("{FAE04EC0-301F-11D3-BF4B-00C04F79EFBC}") = "MyGameTests", "MyGameTests\MyGameTests.csproj", "{8AAAC4B5-F0D6-4FB4-9D79-A86C7973F623}"
EndProject
Project("{FAE04EC0-301F-11D3-BF4B-00C04F79EFBC}") = "Lidgren.Network", "Lidgren.Network\Lidgren.Network.csproj", "{49BA1C69-6104-41AC-A5D8-B54FA9F696E8}"
EndProject
Global
	GlobalSection(SolutionConfigurationPlatforms) = preSolution
		Debug|Any CPU = Debug|Any CPU
		Release|Any CPU = Release|Any CPU
	EndGlobalSection
	GlobalSection(ProjectConfigurationPlatforms) = postSolution
		{A15FA119-9B27-497F-AEB7-86812FACAD0E}.Debug|Any CPU.ActiveCfg = Debug|Any CPU
		{A15FA119-9B27-497F-AEB7-86812FACAD0E}.Debug|Any CPU.Build.0 = Debug|Any CPU
		{A15FA119-9B27-497F-AEB7-86812FACAD0E}.Release|Any CPU.ActiveCfg = Release|Any CPU
		{A15FA119-9B27-497F-AEB7-86812FACAD0E}.Release|Any CPU.Build.0 = Release|Any CPU
		{C9E95D70-E19D-44AB-BAAA-12327BF9B588}.Debug|Any CPU.ActiveCfg = Debug|Any CPU
		{C9E95D70-E19D-44AB-BAAA-12327BF9B588}.Debug|Any CPU.Build.0 = Debug|Any CPU
		{C9E95D70-E19D-44AB-BAAA-12327BF9B588}.Release|Any CPU.ActiveCfg = Release|Any CPU
		{C9E95D70-E19D-44AB-BAAA-12327BF9B588}.Release|Any CPU.Build.0 = Release|Any CPU
		{8AAAC4B5-F0D6-4FB4-9D79-A86C7973F623}.Debug|Any CPU.ActiveCfg = Debug|Any CPU
		{8AAAC4B5-F0D6-4FB4-9D79-A86C7973F623}.Debug|Any CPU.Build.0 = Debug|Any CPU
		{8AAAC4B5-F0D6-4FB4-9D79-A86C7973F623}.Release|Any CPU.ActiveCfg = Release|Any CPU
		{8AAAC4B5-F0D6-4FB4-9D79-A86C7973F623}.Release|Any CPU.Build.0 = Release|Any CPU
		{49BA1C69-6104-41AC-A5D8-B54FA9F696E8}.Debug|Any CPU.ActiveCfg = Debug|Any CPU
		{49BA1C69-6104-41AC-A5D8-B54FA9F696E8}.Debug|Any CPU.Build.0 = Debug|Any CPU
		{49BA1C69-6104-41AC-A5D8-B54FA9F696E8}.Release|Any CPU.ActiveCfg = Release|Any CPU
		{49BA1C69-6104-41AC-A5D8-B54FA9F696E8}.Release|Any CPU.Build.0 = Release|Any CPU
	EndGlobalSection
	GlobalSection(SolutionProperties) = preSolution
		HideSolutionNode = FALSE
	EndGlobalSection
	GlobalSection(ExtensibilityGlobals) = postSolution
		SolutionGuid = {681A8F1B-A678-4580-948E-0F7ED45B06B0}
	EndGlobalSection
EndGlobal
